
Microsoft Visual Studio Solution File, Format Version 12.00
# Visual Studio Version 17
VisualStudioVersion = 17.8.34316.72
MinimumVisualStudioVersion = 10.0.40219.1
Project("{FAE04EC0-301F-11D3-BF4B-00C04F79EFBC}") = "PlayerGuesser", "PlayerGuesser\PlayerGuesser.csproj", "{0764E14C-78A4-4045-8E6E-A03E76D43285}"
EndProject
Global
	GlobalSection(SolutionConfigurationPlatforms) = preSolution
		Debug|Any CPU = Debug|Any CPU
		Release|Any CPU = Release|Any CPU
	EndGlobalSection
	GlobalSection(ProjectConfigurationPlatforms) = postSolution
		{0764E14C-78A4-4045-8E6E-A03E76D43285}.Debug|Any CPU.ActiveCfg = Debug|Any CPU
		{0764E14C-78A4-4045-8E6E-A03E76D43285}.Debug|Any CPU.Build.0 = Debug|Any CPU
		{0764E14C-78A4-4045-8E6E-A03E76D43285}.Release|Any CPU.ActiveCfg = Release|Any CPU
		{0764E14C-78A4-4045-8E6E-A03E76D43285}.Release|Any CPU.Build.0 = Release|Any CPU
	EndGlobalSection
	GlobalSection(SolutionProperties) = preSolution
		HideSolutionNode = FALSE
	EndGlobalSection
	GlobalSection(ExtensibilityGlobals) = postSolution
		SolutionGuid = {3EB54412-176D-4D41-9D5E-6D39CD183C40}
	EndGlobalSection
EndGlobal
